{
    "name": "lxtionic",
    "version": "1.1.1",
    "lockfileVersion": 1,
    "dependencies": {
        "@ionic/cli-plugin-gulp": {
            "version": "1.0.2",
            "resolved": "https://registry.npmjs.org/@ionic/cli-plugin-gulp/-/cli-plugin-gulp-1.0.2.tgz",
            "integrity": "sha512-0OanvPjtvL0h0j/qSKjNcibO5THf4XT9ASinuMSz/JWHp8Qb7IhrTf1Xez4Jxq7ffShgtBYAWuswvdPq49SGzA==",
            "dev": true
        },
        "@ionic/cli-utils": {
            "version": "1.5.0",
            "resolved": "https://registry.npmjs.org/@ionic/cli-utils/-/cli-utils-1.5.0.tgz",
            "integrity": "sha512-w0eissKYEnDAAs/pw5CA1ix8/SPWhvYZ+XeDDbUhq6CCgTnBqVkyTEFC/D+KTkALySqQUX8cKQ1NUKMXqOxUDw==",
            "dev": true
        },
        "ansi-escapes": {
            "version": "2.0.0",
            "resolved": "https://registry.npmjs.org/ansi-escapes/-/ansi-escapes-2.0.0.tgz",
            "integrity": "sha1-W65SvkJIeN2Xg+iRDj/Cki6DyBs=",
            "dev": true
        },
        "ansi-regex": {
            "version": "3.0.0",
            "resolved": "https://registry.npmjs.org/ansi-regex/-/ansi-regex-3.0.0.tgz",
            "integrity": "sha1-7QMXwyIGT3lGbAKWa922Bas32Zg=",
            "dev": true
        },
        "ansi-styles": {
            "version": "3.1.0",
            "resolved": "https://registry.npmjs.org/ansi-styles/-/ansi-styles-3.1.0.tgz",
            "integrity": "sha1-CcIC1ckX7CMYjKpcnLkXnNlUd1A=",
            "dev": true
        },
        "archiver": {
            "version": "1.3.0",
            "resolved": "https://registry.npmjs.org/archiver/-/archiver-1.3.0.tgz",
            "integrity": "sha1-TyGU1tj5nfP1MeaIHxTxXVX6ryI=",
            "dev": true
        },
        "archiver-utils": {
            "version": "1.3.0",
            "resolved": "https://registry.npmjs.org/archiver-utils/-/archiver-utils-1.3.0.tgz",
            "integrity": "sha1-5QtMCccL89aA4y/xt5lOn52JUXQ=",
            "dev": true
        },
        "async": {
            "version": "2.5.0",
            "resolved": "https://registry.npmjs.org/async/-/async-2.5.0.tgz",
            "integrity": "sha512-e+lJAJeNWuPCNyxZKOBdaJGyLGHugXVQtrAwtuAe2vhxTYxFTKE73p8JuTmdH0qdQZtDvI4dhJwjZc5zsfIsYw==",
            "dev": true
        },
        "asynckit": {
            "version": "0.4.0",
            "resolved": "https://registry.npmjs.org/asynckit/-/asynckit-0.4.0.tgz",
            "integrity": "sha1-x57Zf380y48robyXkLzDZkdLS3k=",
            "dev": true
        },
        "backgroundvideo": {
            "version": "git+https://github.com/jamesla/backgroundvideo.git#ad1cb3d024c669d6ce154b79fc09bb69fccd949e"
        },
        "balanced-match": {
            "version": "1.0.0",
            "resolved": "https://registry.npmjs.org/balanced-match/-/balanced-match-1.0.0.tgz",
            "integrity": "sha1-ibTRmasr7kneFk6gK4nORi1xt2c=",
            "dev": true
        },
        "bl": {
            "version": "1.2.1",
            "resolved": "https://registry.npmjs.org/bl/-/bl-1.2.1.tgz",
            "integrity": "sha1-ysMo977kVzDUBLaSID/LWQ4XLV4=",
            "dev": true
        },
        "brace-expansion": {
            "version": "1.1.8",
            "resolved": "https://registry.npmjs.org/brace-expansion/-/brace-expansion-1.1.8.tgz",
            "integrity": "sha1-wHshHHyVLsH479Uad+8NHTmQopI=",
            "dev": true
        },
        "buffer-crc32": {
            "version": "0.2.13",
            "resolved": "https://registry.npmjs.org/buffer-crc32/-/buffer-crc32-0.2.13.tgz",
            "integrity": "sha1-DTM+PwDqxQqhRUq9MO+MKl2ackI=",
            "dev": true
        },
        "chalk": {
            "version": "2.0.1",
            "resolved": "https://registry.npmjs.org/chalk/-/chalk-2.0.1.tgz",
            "integrity": "sha512-Mp+FXEI+FrwY/XYV45b2YD3E8i3HwnEAoFcM0qlZzq/RZ9RwWitt2Y/c7cqRAz70U7hfekqx6qNYthuKFO6K0g==",
            "dev": true
        },
        "ci-info": {
            "version": "1.0.0",
            "resolved": "https://registry.npmjs.org/ci-info/-/ci-info-1.0.0.tgz",
            "integrity": "sha1-3FKF8rTiUYIWg2gcOBwziPRuxTQ=",
            "dev": true
        },
        "cli-cursor": {
            "version": "2.1.0",
            "resolved": "https://registry.npmjs.org/cli-cursor/-/cli-cursor-2.1.0.tgz",
            "integrity": "sha1-s12sN2R5+sw+lHR9QdDQ9SOP/LU=",
            "dev": true
        },
        "cli-width": {
            "version": "2.1.0",
            "resolved": "https://registry.npmjs.org/cli-width/-/cli-width-2.1.0.tgz",
            "integrity": "sha1-sjTKIJsp72b8UY2bmNWEewDt8Ao=",
            "dev": true
        },
        "code-point-at": {
            "version": "1.1.0",
            "resolved": "https://registry.npmjs.org/code-point-at/-/code-point-at-1.1.0.tgz",
            "integrity": "sha1-DQcLTQQ6W+ozovGkDi7bPZpMz3c=",
            "dev": true
        },
        "color-convert": {
            "version": "1.9.0",
            "resolved": "https://registry.npmjs.org/color-convert/-/color-convert-1.9.0.tgz",
            "integrity": "sha1-Gsz5fdc5uYO/mU1W/sj5WFNkG3o=",
            "dev": true
        },
        "color-name": {
            "version": "1.1.2",
            "resolved": "https://registry.npmjs.org/color-name/-/color-name-1.1.2.tgz",
            "integrity": "sha1-XIq3K2S9IhXWF66VWeuxSEdc+Y0=",
            "dev": true
        },
        "com.telerik.plugins.nativepagetransitions": {
            "version": "git+https://github.com/Telerik-Verified-Plugins/NativePageTransitions.git#b3e01b655dfea16adf0c479582155f26586632e1"
        },
        "combined-stream": {
            "version": "1.0.5",
            "resolved": "https://registry.npmjs.org/combined-stream/-/combined-stream-1.0.5.tgz",
            "integrity": "sha1-k4NwpXtKUd6ix3wV1cX9+JUWQAk=",
            "dev": true
        },
        "component-emitter": {
            "version": "1.2.1",
            "resolved": "https://registry.npmjs.org/component-emitter/-/component-emitter-1.2.1.tgz",
            "integrity": "sha1-E3kY1teCg/ffemt8WmPhQOaUJeY=",
            "dev": true
        },
        "compress-commons": {
            "version": "1.2.0",
            "resolved": "https://registry.npmjs.org/compress-commons/-/compress-commons-1.2.0.tgz",
            "integrity": "sha1-WFhwku8g03y1i68AARLJJ4/3O58=",
            "dev": true
        },
        "concat-map": {
            "version": "0.0.1",
            "resolved": "https://registry.npmjs.org/concat-map/-/concat-map-0.0.1.tgz",
            "integrity": "sha1-2Klr13/Wjfd5OnMDajug1UBdR3s=",
            "dev": true
        },
        "cookiejar": {
            "version": "2.1.1",
            "resolved": "https://registry.npmjs.org/cookiejar/-/cookiejar-2.1.1.tgz",
            "integrity": "sha1-Qa1XsbVVlR7BcUEqgZQrHoIA00o=",
            "dev": true
        },
        "cordova-android": {
            "version": "https://registry.npmjs.org/cordova-android/-/cordova-android-6.0.0.tgz",
            "integrity": "sha1-pZrNcnPSAvxuKWQvfuevOYSFxkw=",
            "dependencies": {
                "abbrev": {
                    "version": "http://registry.npmjs.org/abbrev/-/abbrev-1.0.9.tgz",
                    "integrity": "sha1-kbR5JYinc4wl813W9jdSovh3YTU="
                },
                "ansi": {
                    "version": "http://registry.npmjs.org/ansi/-/ansi-0.3.1.tgz",
                    "integrity": "sha1-DELU+xcWDVqa8eSEus4cZpIsGyE="
                },
                "balanced-match": {
                    "version": "http://registry.npmjs.org/balanced-match/-/balanced-match-0.4.2.tgz",
                    "integrity": "sha1-yz8+PHMtwPAe5wtAPzAuYddwmDg="
                },
                "base64-js": {
                    "version": "http://registry.npmjs.org/base64-js/-/base64-js-0.0.8.tgz",
                    "integrity": "sha1-EQHpVE9KdrG8OybUUsqW16NeeXg="
                },
                "big-integer": {
                    "version": "http://registry.npmjs.org/big-integer/-/big-integer-1.6.16.tgz",
                    "integrity": "sha1-DKMLWAE9tGsQCEoJJCyh2JVHJMw="
                },
                "bplist-parser": {
                    "version": "http://registry.npmjs.org/bplist-parser/-/bplist-parser-0.1.1.tgz",
                    "integrity": "sha1-1g1dzCDLptx+HymbNdPh+V2vuuY="
                },
                "brace-expansion": {
                    "version": "http://registry.npmjs.org/brace-expansion/-/brace-expansion-1.1.6.tgz",
                    "integrity": "sha1-cZfX6qm4fmSDkOph/GbIRCdCDfk="
                },
                "concat-map": {
                    "version": "http://registry.npmjs.org/concat-map/-/concat-map-0.0.1.tgz",
                    "integrity": "sha1-2Klr13/Wjfd5OnMDajug1UBdR3s="
                },
                "cordova-common": {
                    "version": "file:file:cordova-dist\\tools\\cordova-common-1.5.1.tgz",
                    "integrity": "sha1-Z3DeDWIArW+Uoavok5tb2ezhOeM="
                },
                "cordova-registry-mapper": {
                    "version": "http://registry.npmjs.org/cordova-registry-mapper/-/cordova-registry-mapper-1.1.15.tgz",
                    "integrity": "sha1-4kS5GFuBdUc7/2B5MkkFEV+D3Hw="
                },
                "elementtree": {
                    "version": "http://registry.npmjs.org/elementtree/-/elementtree-0.1.6.tgz",
                    "integrity": "sha1-KsTEbqMFFsjEy9teOsdBjlkt4gw="
                },
                "glob": {
                    "version": "http://registry.npmjs.org/glob/-/glob-5.0.15.tgz",
                    "integrity": "sha1-G8k2ueAvSmA/zCIuz3Yz0wuLk7E="
                },
                "inflight": {
                    "version": "http://registry.npmjs.org/inflight/-/inflight-1.0.6.tgz",
                    "integrity": "sha1-Sb1jMdfQLQwJvJEKEHW6gWW1bfk="
                },
                "inherits": {
                    "version": "http://registry.npmjs.org/inherits/-/inherits-2.0.3.tgz",
                    "integrity": "sha1-Yzwsg+PaQqUC9SRmAiSA9CCCYd4="
                },
                "lodash": {
                    "version": "http://registry.npmjs.org/lodash/-/lodash-3.10.1.tgz",
                    "integrity": "sha1-W/Rejkm6QYnhfUgnid/RW9FAt7Y="
                },
                "minimatch": {
                    "version": "http://registry.npmjs.org/minimatch/-/minimatch-3.0.3.tgz",
                    "integrity": "sha1-Kk5AkLlrLbBqnX3wEFWmKnfJt3Q="
                },
                "nopt": {
                    "version": "http://registry.npmjs.org/nopt/-/nopt-3.0.6.tgz",
                    "integrity": "sha1-xkZdvwirzU2zWTF/eaxopkayj/k="
                },
                "once": {
                    "version": "http://registry.npmjs.org/once/-/once-1.4.0.tgz",
                    "integrity": "sha1-WDsap3WWHUsROsF9nFC6753Xa9E="
                },
                "os-homedir": {
                    "version": "http://registry.npmjs.org/os-homedir/-/os-homedir-1.0.2.tgz",
                    "integrity": "sha1-/7xJiDNuDoM94MFox+8VISGqf7M="
                },
                "os-tmpdir": {
                    "version": "http://registry.npmjs.org/os-tmpdir/-/os-tmpdir-1.0.2.tgz",
                    "integrity": "sha1-u+Z0BseaqFxc/sdm/lc0VV36EnQ="
                },
                "osenv": {
                    "version": "http://registry.npmjs.org/osenv/-/osenv-0.1.3.tgz",
                    "integrity": "sha1-g88FxtZFj8TVrGNi6jJdkvJ1Qhc="
                },
                "path-is-absolute": {
                    "version": "http://registry.npmjs.org/path-is-absolute/-/path-is-absolute-1.0.1.tgz",
                    "integrity": "sha1-F0uSaHNVNP+8es5r9TpanhtcX18="
                },
                "plist": {
                    "version": "http://registry.npmjs.org/plist/-/plist-1.2.0.tgz",
                    "integrity": "sha1-CEtQk93JJQbiWfh0uNmxr7jHlZM="
                },
                "properties-parser": {
                    "version": "http://registry.npmjs.org/properties-parser/-/properties-parser-0.2.3.tgz",
                    "integrity": "sha1-91kSVfcHq7/yJ8e1a2N9uwNzoQ8="
                },
                "q": {
                    "version": "http://registry.npmjs.org/q/-/q-1.4.1.tgz",
                    "integrity": "sha1-VXBbzZPF82c1MMLCy8DCs63cKG4="
                },
                "sax": {
                    "version": "http://registry.npmjs.org/sax/-/sax-0.3.5.tgz",
                    "integrity": "sha1-iPz8H3PAyLvVt8d2ttPzUB7tBz0="
                },
                "semver": {
                    "version": "http://registry.npmjs.org/semver/-/semver-5.3.0.tgz",
                    "integrity": "sha1-myzl094C0XxgEq0yaqa00M9U+U8="
                },
                "shelljs": {
                    "version": "http://registry.npmjs.org/shelljs/-/shelljs-0.5.3.tgz",
                    "integrity": "sha1-xUmCuZbHbvDB5rWfvcWCX1txMRM="
                },
                "underscore": {
                    "version": "http://registry.npmjs.org/underscore/-/underscore-1.8.3.tgz",
                    "integrity": "sha1-Tz+1OxBuYJf8+ctBCfKl6b36UCI="
                },
                "unorm": {
                    "version": "http://registry.npmjs.org/unorm/-/unorm-1.4.1.tgz",
                    "integrity": "sha1-NkIA1fE2RsqLzURJAnEzVhR5IwA="
                },
                "util-deprecate": {
                    "version": "http://registry.npmjs.org/util-deprecate/-/util-deprecate-1.0.2.tgz",
                    "integrity": "sha1-RQ1Nyfpw3nMnYvvS1KKJgUGaDM8="
                },
                "wrappy": {
                    "version": "http://registry.npmjs.org/wrappy/-/wrappy-1.0.2.tgz",
                    "integrity": "sha1-tSQ9jz7BqjXxNkYFvA0QNuMKtp8="
                },
                "xmlbuilder": {
                    "version": "http://registry.npmjs.org/xmlbuilder/-/xmlbuilder-4.0.0.tgz",
                    "integrity": "sha1-mLj2UcowqmJANvEn0RzGbce5B6M="
                },
                "xmldom": {
                    "version": "http://registry.npmjs.org/xmldom/-/xmldom-0.1.22.tgz",
                    "integrity": "sha1-EN5OXpZJgfA8jMcvrcCNFLbDqiY="
                }
            }
        },
        "cordova-hot-code-push-plugin": {
            "version": "https://registry.npmjs.org/cordova-hot-code-push-plugin/-/cordova-hot-code-push-plugin-1.5.2.tgz",
            "integrity": "sha1-g+DGJvUA6/zaUC5ecYnt6Sr5j5c="
        },
        "cordova-plugin-compat": {
            "version": "https://registry.npmjs.org/cordova-plugin-compat/-/cordova-plugin-compat-1.1.0.tgz",
            "integrity": "sha1-kr3xaf62EgUyPcyWo/+DSON+h/w="
        },
        "cordova-plugin-crosswalk-webview": {
            "version": "https://registry.npmjs.org/cordova-plugin-crosswalk-webview/-/cordova-plugin-crosswalk-webview-2.3.0.tgz",
            "integrity": "sha1-4u407P2t3YS9qE5yZjU55AyZ0yQ="
        },
        "cordova-plugin-file": {
            "version": "https://registry.npmjs.org/cordova-plugin-file/-/cordova-plugin-file-4.3.3.tgz",
            "integrity": "sha1-AS6Xqhr7kfhJFuY0G1SDZtI96bk="
        },
        "cordova-plugin-file-transfer": {
            "version": "https://registry.npmjs.org/cordova-plugin-file-transfer/-/cordova-plugin-file-transfer-1.6.3.tgz",
            "integrity": "sha1-bHHeY7B2y+xXDspmRYb/mlG4rCE="
        },
        "cordova-plugin-geolocation": {
            "version": "https://registry.npmjs.org/cordova-plugin-geolocation/-/cordova-plugin-geolocation-2.4.3.tgz",
            "integrity": "sha1-HdAAI9Hxos4zD4dn7Qj3tzj+cYQ="
        },
        "cordova-plugin-network-information": {
            "version": "https://registry.npmjs.org/cordova-plugin-network-information/-/cordova-plugin-network-information-1.3.3.tgz",
            "integrity": "sha1-DqmqXBEkz3y9b4T4KKVCy9JKhRg="
        },
        "cordova-plugin-screen-orientation": {
            "version": "https://registry.npmjs.org/cordova-plugin-screen-orientation/-/cordova-plugin-screen-orientation-2.0.1.tgz",
            "integrity": "sha1-1gj9bN1+C1i64xB3aKyTCvAf9Dc="
        },
        "cordova-plugin-wechat": {
            "version": "https://registry.npmjs.org/cordova-plugin-wechat/-/cordova-plugin-wechat-1.4.0.tgz",
            "integrity": "sha1-JCl9Mow7rIc+hwfoM8BG5zSuqg4="
        },
        "core-util-is": {
            "version": "1.0.2",
            "resolved": "https://registry.npmjs.org/core-util-is/-/core-util-is-1.0.2.tgz",
            "integrity": "sha1-tf1UIgqivFq1eqtxQMlAdUUDwac=",
            "dev": true
        },
        "crc": {
            "version": "3.4.4",
            "resolved": "https://registry.npmjs.org/crc/-/crc-3.4.4.tgz",
            "integrity": "sha1-naHpgOO9RPxck79as9ozeNheRms=",
            "dev": true
        },
        "crc32-stream": {
            "version": "2.0.0",
            "resolved": "https://registry.npmjs.org/crc32-stream/-/crc32-stream-2.0.0.tgz",
            "integrity": "sha1-483TtN8xaN10494/u8t7KX/pCPQ=",
            "dev": true
        },
        "cross-spawn": {
            "version": "4.0.2",
            "resolved": "https://registry.npmjs.org/cross-spawn/-/cross-spawn-4.0.2.tgz",
            "integrity": "sha1-e5JHYhwjrf3ThWAEqCPL45dCTUE=",
            "dev": true
        },
        "dargs": {
            "version": "5.1.0",
            "resolved": "https://registry.npmjs.org/dargs/-/dargs-5.1.0.tgz",
            "integrity": "sha1-7H6lDHhWTNNsnV7Bj2Yyn63ieCk=",
            "dev": true
        },
        "debug": {
            "version": "2.6.8",
            "resolved": "https://registry.npmjs.org/debug/-/debug-2.6.8.tgz",
            "integrity": "sha1-5zFTHKLt4n0YgiJCfaF4IdaP9Pw=",
            "dev": true
        },
        "delayed-stream": {
            "version": "1.0.0",
            "resolved": "https://registry.npmjs.org/delayed-stream/-/delayed-stream-1.0.0.tgz",
            "integrity": "sha1-3zrhmayt+31ECqrgsp4icrJOxhk=",
            "dev": true
        },
        "end-of-stream": {
            "version": "1.4.0",
            "resolved": "https://registry.npmjs.org/end-of-stream/-/end-of-stream-1.4.0.tgz",
            "integrity": "sha1-epDYM+/abPpurA9JSduw+tOmMgY=",
            "dev": true
        },
        "es6-promise-plugin": {
            "version": "git+https://github.com/vstirbu/PromisesPlugin.git#894ebffb0261857fa1873e647cc89e68abc07c08"
        },
        "escape-string-regexp": {
            "version": "1.0.5",
            "resolved": "https://registry.npmjs.org/escape-string-regexp/-/escape-string-regexp-1.0.5.tgz",
            "integrity": "sha1-G2HAViGQqN/2rjuyzwIAyhMLhtQ=",
            "dev": true
        },
        "extend": {
            "version": "3.0.1",
            "resolved": "https://registry.npmjs.org/extend/-/extend-3.0.1.tgz",
            "integrity": "sha1-p1Xqe8Gt/MWjHOfnYtuq3F5jZEQ=",
            "dev": true
        },
        "external-editor": {
            "version": "2.0.4",
            "resolved": "https://registry.npmjs.org/external-editor/-/external-editor-2.0.4.tgz",
            "integrity": "sha1-HtkZnanL/i7y96MbL96LDRI2iXI=",
            "dev": true
        },
        "figures": {
            "version": "2.0.0",
            "resolved": "https://registry.npmjs.org/figures/-/figures-2.0.0.tgz",
            "integrity": "sha1-OrGi0qYsi/tDGgyUy3l6L84nyWI=",
            "dev": true
        },
        "form-data": {
            "version": "2.2.0",
            "resolved": "https://registry.npmjs.org/form-data/-/form-data-2.2.0.tgz",
            "integrity": "sha1-ml47kpX5gLJiPPZPojixTOvKcHs=",
            "dev": true
        },
        "formidable": {
            "version": "1.1.1",
            "resolved": "https://registry.npmjs.org/formidable/-/formidable-1.1.1.tgz",
            "integrity": "sha1-lriIb3w8NQi5Mta9cMTTqI818ak=",
            "dev": true
        },
        "fs.realpath": {
            "version": "1.0.0",
            "resolved": "https://registry.npmjs.org/fs.realpath/-/fs.realpath-1.0.0.tgz",
            "integrity": "sha1-FQStJSMVjKpA20onh8sBQRmU6k8=",
            "dev": true
        },
        "glob": {
            "version": "7.1.2",
            "resolved": "https://registry.npmjs.org/glob/-/glob-7.1.2.tgz",
            "integrity": "sha512-MJTUg1kjuLeQCJ+ccE4Vpa6kKVXkPYJ2mOCQyUuKLcLQsdrMCpBPUi8qVE6+YuaJkozeA9NusTAw3hLr8Xe5EQ==",
            "dev": true
        },
        "graceful-fs": {
            "version": "4.1.11",
            "resolved": "https://registry.npmjs.org/graceful-fs/-/graceful-fs-4.1.11.tgz",
            "integrity": "sha1-Dovf5NHduIVNZOBOp8AOKgJuVlg=",
            "dev": true
        },
        "has-flag": {
            "version": "2.0.0",
            "resolved": "https://registry.npmjs.org/has-flag/-/has-flag-2.0.0.tgz",
            "integrity": "sha1-6CB68cx7MNRGzHC3NLXovhj4jVE=",
            "dev": true
        },
        "iconv-lite": {
            "version": "0.4.18",
            "resolved": "https://registry.npmjs.org/iconv-lite/-/iconv-lite-0.4.18.tgz",
            "integrity": "sha512-sr1ZQph3UwHTR0XftSbK85OvBbxe/abLGzEnPENCQwmHf7sck8Oyu4ob3LgBxWWxRoM+QszeUyl7jbqapu2TqA==",
            "dev": true
        },
        "inflight": {
            "version": "1.0.6",
            "resolved": "https://registry.npmjs.org/inflight/-/inflight-1.0.6.tgz",
            "integrity": "sha1-Sb1jMdfQLQwJvJEKEHW6gWW1bfk=",
            "dev": true
        },
        "inherits": {
            "version": "2.0.3",
            "resolved": "https://registry.npmjs.org/inherits/-/inherits-2.0.3.tgz",
            "integrity": "sha1-Yzwsg+PaQqUC9SRmAiSA9CCCYd4=",
            "dev": true
        },
        "inquirer": {
            "version": "3.2.0",
            "resolved": "https://registry.npmjs.org/inquirer/-/inquirer-3.2.0.tgz",
            "integrity": "sha512-4CyUYMP7lOBkiUU1rR24WGrfRX6SucwbY2Mqb1PdApU24wnTIk4TsnkQwV72dDdIKZ2ycLP+fWCV+tA7wwgoew==",
            "dev": true
        },
        "ionic-native-transitions": {
            "version": "https://registry.npmjs.org/ionic-native-transitions/-/ionic-native-transitions-1.0.3.tgz",
            "integrity": "sha1-rc2PVMogENoJDaV1UUREz4If0Lk="
        },
        "is-fullwidth-code-point": {
            "version": "2.0.0",
            "resolved": "https://registry.npmjs.org/is-fullwidth-code-point/-/is-fullwidth-code-point-2.0.0.tgz",
            "integrity": "sha1-o7MKXE8ZkYMWeqq5O+764937ZU8=",
            "dev": true
        },
        "is-promise": {
            "version": "2.1.0",
            "resolved": "https://registry.npmjs.org/is-promise/-/is-promise-2.1.0.tgz",
            "integrity": "sha1-eaKp7OfwlugPNtKy87wWwf9L8/o=",
            "dev": true
        },
        "isarray": {
            "version": "1.0.0",
            "resolved": "https://registry.npmjs.org/isarray/-/isarray-1.0.0.tgz",
            "integrity": "sha1-u5NdSFgsuhaMBoNJV6VKPgcSTxE=",
            "dev": true
        },
        "isexe": {
            "version": "2.0.0",
            "resolved": "https://registry.npmjs.org/isexe/-/isexe-2.0.0.tgz",
            "integrity": "sha1-6PvzdNxVb/iUehDcsFctYz8s+hA=",
            "dev": true
        },
        "jpush-phonegap-plugin": {
            "version": "https://registry.npmjs.org/jpush-phonegap-plugin/-/jpush-phonegap-plugin-3.1.6.tgz",
            "integrity": "sha1-opkMIon3naWOD/68ZY3ged1IlL0=",
            "dependencies": {
                "cordova-plugin-device": {
                    "version": "https://registry.npmjs.org/cordova-plugin-device/-/cordova-plugin-device-1.1.6.tgz",
                    "integrity": "sha1-LSF2TK18m4AVI+TgmjDgJLJJM0s="
                },
                "cordova-plugin-jcore": {
                    "version": "https://registry.npmjs.org/cordova-plugin-jcore/-/cordova-plugin-jcore-1.1.4.tgz",
                    "integrity": "sha1-aULDMSAonYgzd/VepLXNnnSPoss="
                }
            }
        },
        "jschardet": {
            "version": "1.4.2",
            "resolved": "https://registry.npmjs.org/jschardet/-/jschardet-1.4.2.tgz",
            "integrity": "sha1-KqEH8UKvQSHRRWWdRPUIMJYeaZo=",
            "dev": true
        },
        "lazystream": {
            "version": "1.0.0",
            "resolved": "https://registry.npmjs.org/lazystream/-/lazystream-1.0.0.tgz",
            "integrity": "sha1-9plf4PggOS9hOWvolGJAe7dxaOQ=",
            "dev": true
        },
        "leek": {
            "version": "0.0.24",
            "resolved": "https://registry.npmjs.org/leek/-/leek-0.0.24.tgz",
            "integrity": "sha1-5ADlfw5g2O8r1NBo3EKKVDRdvNo=",
            "dev": true
        },
        "lodash": {
            "version": "https://registry.npmjs.org/lodash/-/lodash-4.17.4.tgz",
            "integrity": "sha1-eCA6TRwyiuHYbcpkYONptX9AVa4="
        },
        "lodash._baseassign": {
            "version": "3.2.0",
            "resolved": "https://registry.npmjs.org/lodash._baseassign/-/lodash._baseassign-3.2.0.tgz",
            "integrity": "sha1-jDigmVAPIVrQnlnxci/QxSv+Ck4=",
            "dev": true
        },
        "lodash._basecopy": {
            "version": "3.0.1",
            "resolved": "https://registry.npmjs.org/lodash._basecopy/-/lodash._basecopy-3.0.1.tgz",
            "integrity": "sha1-jaDmqHbPNEwK2KVIghEd08XHyjY=",
            "dev": true
        },
        "lodash._bindcallback": {
            "version": "3.0.1",
            "resolved": "https://registry.npmjs.org/lodash._bindcallback/-/lodash._bindcallback-3.0.1.tgz",
            "integrity": "sha1-5THCdkTPi1epnhftlbNcdIeJOS4=",
            "dev": true
        },
        "lodash._createassigner": {
            "version": "3.1.1",
            "resolved": "https://registry.npmjs.org/lodash._createassigner/-/lodash._createassigner-3.1.1.tgz",
            "integrity": "sha1-g4pbri/aymOsIt7o4Z+k5taXCxE=",
            "dev": true
        },
        "lodash._getnative": {
            "version": "3.9.1",
            "resolved": "https://registry.npmjs.org/lodash._getnative/-/lodash._getnative-3.9.1.tgz",
            "integrity": "sha1-VwvH3t5G1hzc3mh9ZdPuy6o6r/U=",
            "dev": true
        },
        "lodash._isiterateecall": {
            "version": "3.0.9",
            "resolved": "https://registry.npmjs.org/lodash._isiterateecall/-/lodash._isiterateecall-3.0.9.tgz",
            "integrity": "sha1-UgOte6Ql+uhCRg5pbbnPPmqsBXw=",
            "dev": true
        },
        "lodash.assign": {
            "version": "3.2.0",
            "resolved": "https://registry.npmjs.org/lodash.assign/-/lodash.assign-3.2.0.tgz",
            "integrity": "sha1-POnwI0tLIiPilrj6CsH+6OvKZPo=",
            "dev": true
        },
        "lodash.isarguments": {
            "version": "3.1.0",
            "resolved": "https://registry.npmjs.org/lodash.isarguments/-/lodash.isarguments-3.1.0.tgz",
            "integrity": "sha1-L1c9hcaiQon/AGY7SRwdM4/zRYo=",
            "dev": true
        },
        "lodash.isarray": {
            "version": "3.0.4",
            "resolved": "https://registry.npmjs.org/lodash.isarray/-/lodash.isarray-3.0.4.tgz",
            "integrity": "sha1-eeTriMNqgSKvhvhEqpvNhRtfu1U=",
            "dev": true
        },
        "lodash.keys": {
            "version": "3.1.2",
            "resolved": "https://registry.npmjs.org/lodash.keys/-/lodash.keys-3.1.2.tgz",
            "integrity": "sha1-TbwEcrFWvlCgsoaFXRvQsMZWCYo=",
            "dev": true
        },
        "lodash.restparam": {
            "version": "3.6.1",
            "resolved": "https://registry.npmjs.org/lodash.restparam/-/lodash.restparam-3.6.1.tgz",
            "integrity": "sha1-k2pOMJ7zMKdkXtQUWYbIWuWyCAU=",
            "dev": true
        },
        "lru-cache": {
            "version": "4.1.1",
            "resolved": "https://registry.npmjs.org/lru-cache/-/lru-cache-4.1.1.tgz",
            "integrity": "sha512-q4spe4KTfsAS1SUHLO0wz8Qiyf1+vMIAgpRYioFYDMNqKfHQbg+AVDH3i4fvpl71/P1L0dBl+fQi+P37UYf0ew==",
            "dev": true
        },
        "methods": {
            "version": "1.1.2",
            "resolved": "https://registry.npmjs.org/methods/-/methods-1.1.2.tgz",
            "integrity": "sha1-VSmk1nZUE07cxSZmVoNbD4Ua/O4=",
            "dev": true
        },
        "mime": {
            "version": "1.3.6",
            "resolved": "https://registry.npmjs.org/mime/-/mime-1.3.6.tgz",
            "integrity": "sha1-WR2E02U6awtKO5343lqoEI5y5eA=",
            "dev": true
        },
        "mime-db": {
            "version": "1.27.0",
            "resolved": "https://registry.npmjs.org/mime-db/-/mime-db-1.27.0.tgz",
            "integrity": "sha1-gg9XIpa70g7CXtVeW13oaeVDbrE=",
            "dev": true
        },
        "mime-types": {
            "version": "2.1.15",
            "resolved": "https://registry.npmjs.org/mime-types/-/mime-types-2.1.15.tgz",
            "integrity": "sha1-pOv1BkCUVpI3uM9wBGd20J/JKu0=",
            "dev": true
        },
        "mimic-fn": {
            "version": "1.1.0",
            "resolved": "https://registry.npmjs.org/mimic-fn/-/mimic-fn-1.1.0.tgz",
            "integrity": "sha1-5md4PZLonb00KBi1IwudYqZyrRg=",
            "dev": true
        },
        "minimatch": {
            "version": "3.0.4",
            "resolved": "https://registry.npmjs.org/minimatch/-/minimatch-3.0.4.tgz",
            "integrity": "sha512-yJHVQEhyqPLUTgt9B83PXu6W3rx4MvvHvSUvToogpwoGDOUQ+yDrR0HRot+yOCdCO7u4hX3pWft6kWBBcqh0UA==",
            "dev": true
        },
        "minimist": {
            "version": "1.2.0",
            "resolved": "https://registry.npmjs.org/minimist/-/minimist-1.2.0.tgz",
            "integrity": "sha1-o1AIsg9BOD7sH7kU9M1d95omQoQ=",
            "dev": true
        },
        "ms": {
            "version": "2.0.0",
            "resolved": "https://registry.npmjs.org/ms/-/ms-2.0.0.tgz",
            "integrity": "sha1-VgiurfwAvmwpAd9fmGF4jeDVl8g=",
            "dev": true
        },
        "mute-stream": {
            "version": "0.0.7",
            "resolved": "https://registry.npmjs.org/mute-stream/-/mute-stream-0.0.7.tgz",
            "integrity": "sha1-MHXOk7whuPq0PhvE2n6BFe0ee6s=",
            "dev": true
        },
        "ncp": {
            "version": "2.0.0",
            "resolved": "https://registry.npmjs.org/ncp/-/ncp-2.0.0.tgz",
            "integrity": "sha1-GVoh1sRuNh0vsSgbo4uR6d9727M=",
            "dev": true
        },
        "normalize-path": {
            "version": "2.1.1",
            "resolved": "https://registry.npmjs.org/normalize-path/-/normalize-path-2.1.1.tgz",
            "integrity": "sha1-GrKLVW4Zg2Oowab35vogE3/mrtk=",
            "dev": true
        },
        "number-is-nan": {
            "version": "1.0.1",
            "resolved": "https://registry.npmjs.org/number-is-nan/-/number-is-nan-1.0.1.tgz",
            "integrity": "sha1-CXtgK1NCKlIsGvuHkDGDNpQaAR0=",
            "dev": true
        },
        "once": {
            "version": "1.4.0",
            "resolved": "https://registry.npmjs.org/once/-/once-1.4.0.tgz",
            "integrity": "sha1-WDsap3WWHUsROsF9nFC6753Xa9E=",
            "dev": true
        },
        "onetime": {
            "version": "2.0.1",
            "resolved": "https://registry.npmjs.org/onetime/-/onetime-2.0.1.tgz",
            "integrity": "sha1-BnQoIw/WdEOyeUsiu6UotoZ5YtQ=",
            "dev": true
        },
        "os-tmpdir": {
            "version": "1.0.2",
            "resolved": "https://registry.npmjs.org/os-tmpdir/-/os-tmpdir-1.0.2.tgz",
            "integrity": "sha1-u+Z0BseaqFxc/sdm/lc0VV36EnQ=",
            "dev": true
        },
        "path-is-absolute": {
            "version": "1.0.1",
            "resolved": "https://registry.npmjs.org/path-is-absolute/-/path-is-absolute-1.0.1.tgz",
            "integrity": "sha1-F0uSaHNVNP+8es5r9TpanhtcX18=",
            "dev": true
        },
        "process-nextick-args": {
            "version": "1.0.7",
            "resolved": "https://registry.npmjs.org/process-nextick-args/-/process-nextick-args-1.0.7.tgz",
            "integrity": "sha1-FQ4gt1ZZCtP5EJPyWk8q2L/zC6M=",
            "dev": true
        },
        "pseudomap": {
            "version": "1.0.2",
            "resolved": "https://registry.npmjs.org/pseudomap/-/pseudomap-1.0.2.tgz",
            "integrity": "sha1-8FKijacOYYkX7wqKw0wa5aaChrM=",
            "dev": true
        },
        "qs": {
            "version": "6.5.0",
            "resolved": "https://registry.npmjs.org/qs/-/qs-6.5.0.tgz",
            "integrity": "sha512-fjVFjW9yhqMhVGwRExCXLhJKrLlkYSaxNWdyc9rmHlrVZbk35YHH312dFd7191uQeXkI3mKLZTIbSvIeFwFemg==",
            "dev": true
        },
        "readable-stream": {
            "version": "2.3.3",
            "resolved": "https://registry.npmjs.org/readable-stream/-/readable-stream-2.3.3.tgz",
            "integrity": "sha512-m+qzzcn7KUxEmd1gMbchF+Y2eIUbieUaxkWtptyHywrX0rE8QEYqPC07Vuy4Wm32/xE16NcdBctb8S0Xe/5IeQ==",
            "dev": true
        },
        "remove-trailing-separator": {
            "version": "1.0.2",
            "resolved": "https://registry.npmjs.org/remove-trailing-separator/-/remove-trailing-separator-1.0.2.tgz",
            "integrity": "sha1-abBi2XhyetFNxrVrpKt3L9jXBRE=",
            "dev": true
        },
        "restore-cursor": {
            "version": "2.0.0",
            "resolved": "https://registry.npmjs.org/restore-cursor/-/restore-cursor-2.0.0.tgz",
            "integrity": "sha1-n37ih/gv0ybU/RYpI9YhKe7g368=",
            "dev": true
        },
        "rimraf": {
            "version": "2.6.1",
            "resolved": "https://registry.npmjs.org/rimraf/-/rimraf-2.6.1.tgz",
            "integrity": "sha1-wjOOxkPfeht/5cVPqG9XQopV8z0=",
            "dev": true
        },
        "rsvp": {
            "version": "3.6.1",
            "resolved": "https://registry.npmjs.org/rsvp/-/rsvp-3.6.1.tgz",
            "integrity": "sha1-NPSnrChZ97rMj0l4nFYE8eJq5wI=",
            "dev": true
        },
        "run-async": {
            "version": "2.3.0",
            "resolved": "https://registry.npmjs.org/run-async/-/run-async-2.3.0.tgz",
            "integrity": "sha1-A3GrSuC91yDUFm19/aZP96RFpsA=",
            "dev": true
        },
        "rx-lite": {
            "version": "4.0.8",
            "resolved": "https://registry.npmjs.org/rx-lite/-/rx-lite-4.0.8.tgz",
            "integrity": "sha1-Cx4Rr4vESDbwSmQH6S2kJGe3lEQ=",
            "dev": true
        },
        "rx-lite-aggregates": {
            "version": "4.0.8",
            "resolved": "https://registry.npmjs.org/rx-lite-aggregates/-/rx-lite-aggregates-4.0.8.tgz",
            "integrity": "sha1-dTuHqJoRyVRnxKwWJsTvxOBcZ74=",
            "dev": true
        },
        "safe-buffer": {
            "version": "5.1.1",
            "resolved": "https://registry.npmjs.org/safe-buffer/-/safe-buffer-5.1.1.tgz",
            "integrity": "sha512-kKvNJn6Mm93gAczWVJg7wH+wGYWNrDHdWvpUmHyEsgCtIwwo3bqPtV4tR5tuPaUhTOo/kvhVwd8XwwOllGYkbg==",
            "dev": true
        },
        "sax": {
            "version": "https://registry.npmjs.org/sax/-/sax-1.2.2.tgz",
            "integrity": "sha1-/YYxojvHgmvvXYcb24c3jJVkeCg="
        },
        "semver": {
            "version": "5.3.0",
            "resolved": "https://registry.npmjs.org/semver/-/semver-5.3.0.tgz",
            "integrity": "sha1-myzl094C0XxgEq0yaqa00M9U+U8=",
            "dev": true
        },
        "signal-exit": {
            "version": "3.0.2",
            "resolved": "https://registry.npmjs.org/signal-exit/-/signal-exit-3.0.2.tgz",
            "integrity": "sha1-tf3AjxKH6hF4Yo5BXiUTK3NkbG0=",
            "dev": true
        },
        "slice-ansi": {
            "version": "1.0.0",
            "resolved": "https://registry.npmjs.org/slice-ansi/-/slice-ansi-1.0.0.tgz",
            "integrity": "sha512-POqxBK6Lb3q6s047D/XsDVNPnF9Dl8JSaqe9h9lURl0OdNqy/ujDrOiIHtsqXMGbWWTIomRzAMaTyawAU//Reg==",
            "dev": true
        },
        "string_decoder": {
            "version": "1.0.3",
            "resolved": "https://registry.npmjs.org/string_decoder/-/string_decoder-1.0.3.tgz",
            "integrity": "sha512-4AH6Z5fzNNBcH+6XDMfA/BTt87skxqJlO0lAh3Dker5zThcAxG6mKz+iGu308UKoPPQ8Dcqx/4JhujzltRa+hQ==",
            "dev": true
        },
        "string-width": {
            "version": "2.1.0",
            "resolved": "https://registry.npmjs.org/string-width/-/string-width-2.1.0.tgz",
            "integrity": "sha1-AwZkVh/BRslCPsfZeP4kV0N/5tA=",
            "dev": true
        },
        "strip-ansi": {
            "version": "4.0.0",
            "resolved": "https://registry.npmjs.org/strip-ansi/-/strip-ansi-4.0.0.tgz",
            "integrity": "sha1-qEeQIusaw2iocTibY1JixQXuNo8=",
            "dev": true
        },
        "superagent": {
            "version": "3.5.2",
            "resolved": "https://registry.npmjs.org/superagent/-/superagent-3.5.2.tgz",
            "integrity": "sha1-M2GjlxVnUEw1EGOr6q4PqiPb8/g=",
            "dev": true
        },
        "supports-color": {
            "version": "4.2.0",
            "resolved": "https://registry.npmjs.org/supports-color/-/supports-color-4.2.0.tgz",
            "integrity": "sha512-Ts0Mu/A1S1aZxEJNG88I4Oc9rcZSBFNac5e27yh4j2mqbhZSSzR1Ah79EYwSn9Zuh7lrlGD2cVGzw1RKGzyLSg==",
            "dev": true
        },
        "tar-stream": {
            "version": "1.5.4",
            "resolved": "https://registry.npmjs.org/tar-stream/-/tar-stream-1.5.4.tgz",
            "integrity": "sha1-NlSc8E7RrumyowwBQyUiONr5QBY=",
            "dev": true
        },
        "through": {
            "version": "2.3.8",
            "resolved": "https://registry.npmjs.org/through/-/through-2.3.8.tgz",
            "integrity": "sha1-DdTJ/6q8NXlgsbckEV1+Doai4fU=",
            "dev": true
        },
        "tmp": {
            "version": "0.0.31",
            "resolved": "https://registry.npmjs.org/tmp/-/tmp-0.0.31.tgz",
            "integrity": "sha1-jzirlDjhcxXl29izZX6L+yd65Kc=",
            "dev": true
        },
        "util-deprecate": {
            "version": "1.0.2",
            "resolved": "https://registry.npmjs.org/util-deprecate/-/util-deprecate-1.0.2.tgz",
            "integrity": "sha1-RQ1Nyfpw3nMnYvvS1KKJgUGaDM8=",
            "dev": true
        },
        "uuid": {
            "version": "3.1.0",
            "resolved": "https://registry.npmjs.org/uuid/-/uuid-3.1.0.tgz",
            "integrity": "sha512-DIWtzUkw04M4k3bf1IcpS2tngXEL26YUD2M0tMDUpnUrz2hgzUBlD55a4FjdLGPvfHxS6uluGWvaVEqgBcVa+g==",
            "dev": true
        },
        "walkdir": {
            "version": "0.0.11",
            "resolved": "https://registry.npmjs.org/walkdir/-/walkdir-0.0.11.tgz",
            "integrity": "sha1-oW0CXrkxvQO1LzCMrtD0D86+lTI=",
            "dev": true
        },
        "which": {
            "version": "1.2.14",
            "resolved": "https://registry.npmjs.org/which/-/which-1.2.14.tgz",
            "integrity": "sha1-mofEN48D6CfOyvGs31bHNsAcFOU=",
            "dev": true
        },
        "wrap-ansi": {
            "version": "2.1.0",
            "resolved": "https://registry.npmjs.org/wrap-ansi/-/wrap-ansi-2.1.0.tgz",
            "integrity": "sha1-2Pw9KE3QV5T+hJc8rs3Rz4JP3YU=",
            "dev": true,
            "dependencies": {
                "ansi-regex": {
                    "version": "2.1.1",
                    "resolved": "https://registry.npmjs.org/ansi-regex/-/ansi-regex-2.1.1.tgz",
                    "integrity": "sha1-w7M6te42DYbg5ijwRorn7yfWVN8=",
                    "dev": true
                },
                "is-fullwidth-code-point": {
                    "version": "1.0.0",
                    "resolved": "https://registry.npmjs.org/is-fullwidth-code-point/-/is-fullwidth-code-point-1.0.0.tgz",
                    "integrity": "sha1-754xOG8DGn8NZDr4L95QxFfvAMs=",
                    "dev": true
                },
                "string-width": {
                    "version": "1.0.2",
                    "resolved": "https://registry.npmjs.org/string-width/-/string-width-1.0.2.tgz",
                    "integrity": "sha1-EYvfW4zcUaKn5w0hHgfisLmxB9M=",
                    "dev": true
                },
                "strip-ansi": {
                    "version": "3.0.1",
                    "resolved": "https://registry.npmjs.org/strip-ansi/-/strip-ansi-3.0.1.tgz",
                    "integrity": "sha1-ajhfuIU9lS1f8F0Oiq+UJ43GPc8=",
                    "dev": true
                }
            }
        },
        "wrappy": {
            "version": "1.0.2",
            "resolved": "https://registry.npmjs.org/wrappy/-/wrappy-1.0.2.tgz",
            "integrity": "sha1-tSQ9jz7BqjXxNkYFvA0QNuMKtp8=",
            "dev": true
        },
        "xml2js": {
            "version": "https://registry.npmjs.org/xml2js/-/xml2js-0.4.17.tgz",
            "integrity": "sha1-F76T6q4/O3eTWceVtBlwWogX6Gg="
        },
        "xmlbuilder": {
            "version": "https://registry.npmjs.org/xmlbuilder/-/xmlbuilder-4.2.1.tgz",
            "integrity": "sha1-qlijBBoGb5DqoWwvU4n/GfP0YaU="
        },
        "xtend": {
            "version": "4.0.1",
            "resolved": "https://registry.npmjs.org/xtend/-/xtend-4.0.1.tgz",
            "integrity": "sha1-pcbVMr5lbiPbgg77lDofBJmNY68=",
            "dev": true
        },
        "yallist": {
            "version": "2.1.2",
            "resolved": "https://registry.npmjs.org/yallist/-/yallist-2.1.2.tgz",
            "integrity": "sha1-HBH5IY8HYImkfdUS+TxmmaaoHVI=",
            "dev": true
        },
        "zip-stream": {
            "version": "1.2.0",
            "resolved": "https://registry.npmjs.org/zip-stream/-/zip-stream-1.2.0.tgz",
            "integrity": "sha1-qLxF9MG0lpnGuQGYuqyqzbzUugQ=",
            "dev": true
        }
    }
}
